<?xml version="1.0" encoding="UTF-8"?>
<!DOCTYPE plist PUBLIC "-//Apple//DTD PLIST 1.0//EN" "http://www.apple.com/DTDs/PropertyList-1.0.dtd">
<plist version="1.0">
<dict>
	<key>archiveVersion</key>
	<string>1</string>
	<key>classes</key>
	<dict/>
	<key>objectVersion</key>
	<string>46</string>
	<key>objects</key>
	<dict>
		<key>3B19C9AA1CBD9E2400679BC6</key>
		<dict>
			<key>fileEncoding</key>
			<string>4</string>
			<key>isa</key>
			<string>PBXFileReference</string>
			<key>lastKnownFileType</key>
			<string>sourcecode.swift</string>
			<key>path</key>
			<string>LoyaltyProgram.swift</string>
			<key>sourceTree</key>
			<string>&lt;group&gt;</string>
		</dict>
		<key>3B19C9AB1CBD9E2400679BC6</key>
		<dict>
			<key>fileRef</key>
			<string>3B19C9AA1CBD9E2400679BC6</string>
			<key>isa</key>
			<string>PBXBuildFile</string>
		</dict>
		<key>3B4BEBD81CB056FA00FACF40</key>
		<dict>
			<key>fileEncoding</key>
			<string>4</string>
			<key>isa</key>
			<string>PBXFileReference</string>
			<key>lastKnownFileType</key>
			<string>sourcecode.swift</string>
			<key>path</key>
			<string>HomeTableViewCell.swift</string>
			<key>sourceTree</key>
			<string>&lt;group&gt;</string>
		</dict>
		<key>3B4BEBD91CB056FA00FACF40</key>
		<dict>
			<key>fileRef</key>
			<string>3B4BEBD81CB056FA00FACF40</string>
			<key>isa</key>
			<string>PBXBuildFile</string>
		</dict>
		<key>3B4BEBDA1CB0580A00FACF40</key>
		<dict>
			<key>fileEncoding</key>
			<string>4</string>
			<key>isa</key>
			<string>PBXFileReference</string>
			<key>lastKnownFileType</key>
			<string>sourcecode.swift</string>
			<key>path</key>
			<string>Restaurant.swift</string>
			<key>sourceTree</key>
			<string>&lt;group&gt;</string>
		</dict>
		<key>3B4BEBDB1CB0580A00FACF40</key>
		<dict>
			<key>fileRef</key>
			<string>3B4BEBDA1CB0580A00FACF40</string>
			<key>isa</key>
			<string>PBXBuildFile</string>
		</dict>
		<key>3B4BEBDE1CB0683700FACF40</key>
		<dict>
			<key>children</key>
			<array>
				<string>3B4BEBD81CB056FA00FACF40</string>
				<string>B3EAAFD01CA9DCBD0012E3B4</string>
				<string>3B4BEBDF1CB0685700FACF40</string>
				<string>3B4BEBE11CB06B5200FACF40</string>
			</array>
			<key>isa</key>
			<string>PBXGroup</string>
			<key>name</key>
			<string>HomeView</string>
			<key>sourceTree</key>
			<string>&lt;group&gt;</string>
		</dict>
		<key>3B4BEBDF1CB0685700FACF40</key>
		<dict>
			<key>fileEncoding</key>
			<string>4</string>
			<key>isa</key>
			<string>PBXFileReference</string>
			<key>lastKnownFileType</key>
			<string>sourcecode.swift</string>
			<key>path</key>
			<string>ContainerViewController.swift</string>
			<key>sourceTree</key>
			<string>&lt;group&gt;</string>
		</dict>
		<key>3B4BEBE01CB0685700FACF40</key>
		<dict>
			<key>fileRef</key>
			<string>3B4BEBDF1CB0685700FACF40</string>
			<key>isa</key>
			<string>PBXBuildFile</string>
		</dict>
		<key>3B4BEBE11CB06B5200FACF40</key>
		<dict>
			<key>fileEncoding</key>
			<string>4</string>
			<key>isa</key>
			<string>PBXFileReference</string>
			<key>lastKnownFileType</key>
			<string>sourcecode.swift</string>
			<key>path</key>
			<string>SubViewController.swift</string>
			<key>sourceTree</key>
			<string>&lt;group&gt;</string>
		</dict>
		<key>3B4BEBE21CB06B5200FACF40</key>
		<dict>
			<key>fileRef</key>
			<string>3B4BEBE11CB06B5200FACF40</string>
			<key>isa</key>
			<string>PBXBuildFile</string>
		</dict>
		<key>4F3AF33EBB8490091EF59CE7</key>
		<dict>
			<key>buildActionMask</key>
			<string>2147483647</string>
			<key>files</key>
			<array/>
			<key>inputPaths</key>
			<array/>
			<key>isa</key>
			<string>PBXShellScriptBuildPhase</string>
			<key>name</key>
			<string>Copy Pods Resources</string>
			<key>outputPaths</key>
			<array/>
			<key>runOnlyForDeploymentPostprocessing</key>
			<string>0</string>
			<key>shellPath</key>
			<string>/bin/sh</string>
			<key>shellScript</key>
			<string>"${SRCROOT}/Pods/Target Support Files/Pods-Foodies/Pods-Foodies-resources.sh"
</string>
			<key>showEnvVarsInLog</key>
			<string>0</string>
		</dict>
		<key>58F088461B70FE7286B892FD</key>
		<dict>
			<key>fileRef</key>
			<string>B0DA00B35FBFBA32E2B5D02A</string>
			<key>isa</key>
			<string>PBXBuildFile</string>
		</dict>
		<key>952B2C26A0BF71784B203C2A</key>
		<dict>
			<key>buildActionMask</key>
			<string>2147483647</string>
			<key>files</key>
			<array/>
			<key>inputPaths</key>
			<array/>
			<key>isa</key>
			<string>PBXShellScriptBuildPhase</string>
			<key>name</key>
			<string>Embed Pods Frameworks</string>
			<key>outputPaths</key>
			<array/>
			<key>runOnlyForDeploymentPostprocessing</key>
			<string>0</string>
			<key>shellPath</key>
			<string>/bin/sh</string>
			<key>shellScript</key>
			<string>"${SRCROOT}/Pods/Target Support Files/Pods-Foodies/Pods-Foodies-frameworks.sh"
</string>
			<key>showEnvVarsInLog</key>
			<string>0</string>
		</dict>
		<key>A47D74FF25E5C2B8F962DF66</key>
		<dict>
			<key>buildActionMask</key>
			<string>2147483647</string>
			<key>files</key>
			<array/>
			<key>inputPaths</key>
			<array/>
			<key>isa</key>
			<string>PBXShellScriptBuildPhase</string>
			<key>name</key>
			<string>Check Pods Manifest.lock</string>
			<key>outputPaths</key>
			<array/>
			<key>runOnlyForDeploymentPostprocessing</key>
			<string>0</string>
			<key>shellPath</key>
			<string>/bin/sh</string>
			<key>shellScript</key>
			<string>diff "${PODS_ROOT}/../Podfile.lock" "${PODS_ROOT}/Manifest.lock" &gt; /dev/null
if [[ $? != 0 ]] ; then
    cat &lt;&lt; EOM
error: The sandbox is not in sync with the Podfile.lock. Run 'pod install' or update your CocoaPods installation.
EOM
    exit 1
fi
</string>
			<key>showEnvVarsInLog</key>
			<string>0</string>
		</dict>
		<key>B0DA00B35FBFBA32E2B5D02A</key>
		<dict>
			<key>explicitFileType</key>
			<string>wrapper.framework</string>
			<key>includeInIndex</key>
			<string>0</string>
			<key>isa</key>
			<string>PBXFileReference</string>
			<key>path</key>
			<string>Pods_Foodies.framework</string>
			<key>sourceTree</key>
			<string>BUILT_PRODUCTS_DIR</string>
		</dict>
		<key>B333FCC91CA58FDD001254AD</key>
		<dict>
			<key>fileEncoding</key>
			<string>4</string>
			<key>isa</key>
			<string>PBXFileReference</string>
			<key>lastKnownFileType</key>
			<string>sourcecode.swift</string>
			<key>path</key>
			<string>Client.swift</string>
			<key>sourceTree</key>
			<string>&lt;group&gt;</string>
		</dict>
		<key>B333FCCA1CA58FDD001254AD</key>
		<dict>
			<key>fileRef</key>
			<string>B333FCC91CA58FDD001254AD</string>
			<key>isa</key>
			<string>PBXBuildFile</string>
		</dict>
		<key>B333FCCB1CA58FF6001254AD</key>
		<dict>
			<key>fileEncoding</key>
			<string>4</string>
			<key>isa</key>
			<string>PBXFileReference</string>
			<key>lastKnownFileType</key>
			<string>sourcecode.swift</string>
			<key>path</key>
			<string>User.swift</string>
			<key>sourceTree</key>
			<string>&lt;group&gt;</string>
		</dict>
		<key>B333FCCC1CA58FF6001254AD</key>
		<dict>
			<key>fileRef</key>
			<string>B333FCCB1CA58FF6001254AD</string>
			<key>isa</key>
			<string>PBXBuildFile</string>
		</dict>
		<key>B333FCCD1CA59082001254AD</key>
		<dict>
			<key>fileEncoding</key>
			<string>4</string>
			<key>isa</key>
			<string>PBXFileReference</string>
			<key>lastKnownFileType</key>
			<string>sourcecode.swift</string>
			<key>path</key>
			<string>ProfileViewController.swift</string>
			<key>sourceTree</key>
			<string>&lt;group&gt;</string>
		</dict>
		<key>B333FCCE1CA59082001254AD</key>
		<dict>
			<key>fileRef</key>
			<string>B333FCCD1CA59082001254AD</string>
			<key>isa</key>
			<string>PBXBuildFile</string>
		</dict>
		<key>B35220EB1C9F93D4005037A2</key>
		<dict>
			<key>children</key>
			<array>
				<string>B333FCC91CA58FDD001254AD</string>
			</array>
			<key>isa</key>
			<string>PBXGroup</string>
			<key>name</key>
			<string>API</string>
			<key>sourceTree</key>
			<string>&lt;group&gt;</string>
		</dict>
		<key>B35220EC1C9F93DA005037A2</key>
		<dict>
			<key>children</key>
			<array>
				<string>B333FCCB1CA58FF6001254AD</string>
				<string>3B4BEBDA1CB0580A00FACF40</string>
				<string>3B19C9AA1CBD9E2400679BC6</string>
			</array>
			<key>isa</key>
			<string>PBXGroup</string>
			<key>name</key>
			<string>Models</string>
			<key>sourceTree</key>
			<string>&lt;group&gt;</string>
		</dict>
		<key>B35220ED1C9F93E0005037A2</key>
		<dict>
			<key>children</key>
			<array/>
			<key>isa</key>
			<string>PBXGroup</string>
			<key>name</key>
			<string>Views</string>
			<key>sourceTree</key>
			<string>&lt;group&gt;</string>
		</dict>
		<key>B35220EF1C9F93FB005037A2</key>
		<dict>
			<key>children</key>
			<array>
				<string>3B4BEBDE1CB0683700FACF40</string>
				<string>B3EAAFCE1CA9DCA20012E3B4</string>
				<string>B3EAAFD41CAC8B260012E3B4</string>
				<string>B333FCCD1CA59082001254AD</string>
				<string>B3EAAFCC1CA9D4F50012E3B4</string>
				<string>B3DE477E1CB0BC7000492B05</string>
			</array>
			<key>isa</key>
			<string>PBXGroup</string>
			<key>name</key>
			<string>View Controllers</string>
			<key>sourceTree</key>
			<string>&lt;group&gt;</string>
		</dict>
		<key>B35220F01C9F94AE005037A2</key>
		<dict>
			<key>children</key>
			<array>
				<string>B3C937331C90E3AC00C8D56B</string>
				<string>B3C9373B1C90E3AC00C8D56B</string>
			</array>
			<key>isa</key>
			<string>PBXGroup</string>
			<key>name</key>
			<string>Storyboards</string>
			<key>sourceTree</key>
			<string>&lt;group&gt;</string>
		</dict>
		<key>B35220F11C9F9535005037A2</key>
		<dict>
			<key>fileEncoding</key>
			<string>4</string>
			<key>isa</key>
			<string>PBXFileReference</string>
			<key>lastKnownFileType</key>
			<string>net.daringfireball.markdown</string>
			<key>path</key>
			<string>README.md</string>
			<key>sourceTree</key>
			<string>SOURCE_ROOT</string>
		</dict>
		<key>B35220F21C9F9535005037A2</key>
		<dict>
			<key>fileRef</key>
			<string>B35220F11C9F9535005037A2</string>
			<key>isa</key>
			<string>PBXBuildFile</string>
		</dict>
		<key>B3C937231C90E3AC00C8D56B</key>
		<dict>
			<key>children</key>
			<array>
				<string>B3C9372E1C90E3AC00C8D56B</string>
				<string>B3C9372D1C90E3AC00C8D56B</string>
				<string>D8801117C76EB9BED0E4CB27</string>
				<string>F0000425E5D9B97294948604</string>
			</array>
			<key>isa</key>
			<string>PBXGroup</string>
			<key>sourceTree</key>
			<string>&lt;group&gt;</string>
		</dict>
		<key>B3C937241C90E3AC00C8D56B</key>
		<dict>
			<key>attributes</key>
			<dict>
				<key>LastSwiftUpdateCheck</key>
				<string>0720</string>
				<key>LastUpgradeCheck</key>
				<string>0720</string>
				<key>ORGANIZATIONNAME</key>
				<string>QingTian Chen</string>
				<key>TargetAttributes</key>
				<dict>
					<key>B3C9372B1C90E3AC00C8D56B</key>
					<dict>
						<key>CreatedOnToolsVersion</key>
						<string>7.2.1</string>
						<key>DevelopmentTeam</key>
						<string>46G637T2DT</string>
					</dict>
				</dict>
			</dict>
			<key>buildConfigurationList</key>
			<string>B3C937271C90E3AC00C8D56B</string>
			<key>compatibilityVersion</key>
			<string>Xcode 3.2</string>
			<key>developmentRegion</key>
			<string>English</string>
			<key>hasScannedForEncodings</key>
			<string>0</string>
			<key>isa</key>
			<string>PBXProject</string>
			<key>knownRegions</key>
			<array>
				<string>en</string>
				<string>Base</string>
			</array>
			<key>mainGroup</key>
			<string>B3C937231C90E3AC00C8D56B</string>
			<key>productRefGroup</key>
			<string>B3C9372D1C90E3AC00C8D56B</string>
			<key>projectDirPath</key>
			<string></string>
			<key>projectReferences</key>
			<array/>
			<key>projectRoot</key>
			<string></string>
			<key>targets</key>
			<array>
				<string>B3C9372B1C90E3AC00C8D56B</string>
			</array>
		</dict>
		<key>B3C937271C90E3AC00C8D56B</key>
		<dict>
			<key>buildConfigurations</key>
			<array>
				<string>B3C9373F1C90E3AC00C8D56B</string>
				<string>B3C937401C90E3AC00C8D56B</string>
			</array>
			<key>defaultConfigurationIsVisible</key>
			<string>0</string>
			<key>defaultConfigurationName</key>
			<string>Release</string>
			<key>isa</key>
			<string>XCConfigurationList</string>
		</dict>
		<key>B3C937281C90E3AC00C8D56B</key>
		<dict>
			<key>buildActionMask</key>
			<string>2147483647</string>
			<key>files</key>
			<array>
				<string>B3EAAFCD1CA9D4F50012E3B4</string>
				<string>B333FCCE1CA59082001254AD</string>
				<string>3B4BEBE01CB0685700FACF40</string>
				<string>B35220F21C9F9535005037A2</string>
				<string>B3C937301C90E3AC00C8D56B</string>
				<string>3B19C9AB1CBD9E2400679BC6</string>
				<string>B3EAAFD51CAC8B260012E3B4</string>
				<string>3B4BEBD91CB056FA00FACF40</string>
				<string>B333FCCA1CA58FDD001254AD</string>
				<string>B3EAAFD11CA9DCBD0012E3B4</string>
				<string>3B4BEBE21CB06B5200FACF40</string>
				<string>3B4BEBDB1CB0580A00FACF40</string>
				<string>B3EAAFCF1CA9DCA20012E3B4</string>
				<string>B333FCCC1CA58FF6001254AD</string>
				<string>B3DE477F1CB0BC7000492B05</string>
				<string>B3C937381C90E3AC00C8D56B</string>
			</array>
			<key>isa</key>
			<string>PBXSourcesBuildPhase</string>
			<key>runOnlyForDeploymentPostprocessing</key>
			<string>0</string>
		</dict>
		<key>B3C937291C90E3AC00C8D56B</key>
		<dict>
			<key>buildActionMask</key>
			<string>2147483647</string>
			<key>files</key>
			<array>
				<string>58F088461B70FE7286B892FD</string>
			</array>
			<key>isa</key>
			<string>PBXFrameworksBuildPhase</string>
			<key>runOnlyForDeploymentPostprocessing</key>
			<string>0</string>
		</dict>
		<key>B3C9372A1C90E3AC00C8D56B</key>
		<dict>
			<key>buildActionMask</key>
			<string>2147483647</string>
			<key>files</key>
			<array>
				<string>B3C9373D1C90E3AC00C8D56B</string>
				<string>B3C9373A1C90E3AC00C8D56B</string>
				<string>B3C937351C90E3AC00C8D56B</string>
			</array>
			<key>isa</key>
			<string>PBXResourcesBuildPhase</string>
			<key>runOnlyForDeploymentPostprocessing</key>
			<string>0</string>
		</dict>
		<key>B3C9372B1C90E3AC00C8D56B</key>
		<dict>
			<key>buildConfigurationList</key>
			<string>B3C937411C90E3AC00C8D56B</string>
			<key>buildPhases</key>
			<array>
				<string>A47D74FF25E5C2B8F962DF66</string>
				<string>B3C937281C90E3AC00C8D56B</string>
				<string>B3C937291C90E3AC00C8D56B</string>
				<string>B3C9372A1C90E3AC00C8D56B</string>
				<string>952B2C26A0BF71784B203C2A</string>
				<string>4F3AF33EBB8490091EF59CE7</string>
			</array>
			<key>buildRules</key>
			<array/>
			<key>dependencies</key>
			<array/>
			<key>isa</key>
			<string>PBXNativeTarget</string>
			<key>name</key>
			<string>Foodies</string>
			<key>productName</key>
			<string>Foodies</string>
			<key>productReference</key>
			<string>B3C9372C1C90E3AC00C8D56B</string>
			<key>productType</key>
			<string>com.apple.product-type.application</string>
		</dict>
		<key>B3C9372C1C90E3AC00C8D56B</key>
		<dict>
			<key>explicitFileType</key>
			<string>wrapper.application</string>
			<key>includeInIndex</key>
			<string>0</string>
			<key>isa</key>
			<string>PBXFileReference</string>
			<key>path</key>
			<string>Foodies.app</string>
			<key>sourceTree</key>
			<string>BUILT_PRODUCTS_DIR</string>
		</dict>
		<key>B3C9372D1C90E3AC00C8D56B</key>
		<dict>
			<key>children</key>
			<array>
				<string>B3C9372C1C90E3AC00C8D56B</string>
			</array>
			<key>isa</key>
			<string>PBXGroup</string>
			<key>name</key>
			<string>Products</string>
			<key>sourceTree</key>
			<string>&lt;group&gt;</string>
		</dict>
		<key>B3C9372E1C90E3AC00C8D56B</key>
		<dict>
			<key>children</key>
			<array>
				<string>B35220EB1C9F93D4005037A2</string>
				<string>B35220EC1C9F93DA005037A2</string>
				<string>B35220EF1C9F93FB005037A2</string>
				<string>B35220ED1C9F93E0005037A2</string>
				<string>B35220F01C9F94AE005037A2</string>
				<string>B35220F11C9F9535005037A2</string>
				<string>B3C9372F1C90E3AC00C8D56B</string>
				<string>B3C937391C90E3AC00C8D56B</string>
				<string>B3C9373E1C90E3AC00C8D56B</string>
				<string>B3C937361C90E3AC00C8D56B</string>
			</array>
			<key>isa</key>
			<string>PBXGroup</string>
			<key>path</key>
			<string>Foodies</string>
			<key>sourceTree</key>
			<string>&lt;group&gt;</string>
		</dict>
		<key>B3C9372F1C90E3AC00C8D56B</key>
		<dict>
			<key>isa</key>
			<string>PBXFileReference</string>
			<key>lastKnownFileType</key>
			<string>sourcecode.swift</string>
			<key>path</key>
			<string>AppDelegate.swift</string>
			<key>sourceTree</key>
			<string>&lt;group&gt;</string>
		</dict>
		<key>B3C937301C90E3AC00C8D56B</key>
		<dict>
			<key>fileRef</key>
			<string>B3C9372F1C90E3AC00C8D56B</string>
			<key>isa</key>
			<string>PBXBuildFile</string>
		</dict>
		<key>B3C937331C90E3AC00C8D56B</key>
		<dict>
			<key>children</key>
			<array>
				<string>B3C937341C90E3AC00C8D56B</string>
			</array>
			<key>isa</key>
			<string>PBXVariantGroup</string>
			<key>name</key>
			<string>Main.storyboard</string>
			<key>sourceTree</key>
			<string>&lt;group&gt;</string>
		</dict>
		<key>B3C937341C90E3AC00C8D56B</key>
		<dict>
			<key>isa</key>
			<string>PBXFileReference</string>
			<key>lastKnownFileType</key>
			<string>file.storyboard</string>
			<key>name</key>
			<string>Base</string>
			<key>path</key>
			<string>Base.lproj/Main.storyboard</string>
			<key>sourceTree</key>
			<string>&lt;group&gt;</string>
		</dict>
		<key>B3C937351C90E3AC00C8D56B</key>
		<dict>
			<key>fileRef</key>
			<string>B3C937331C90E3AC00C8D56B</string>
			<key>isa</key>
			<string>PBXBuildFile</string>
		</dict>
		<key>B3C937361C90E3AC00C8D56B</key>
		<dict>
			<key>children</key>
			<array>
				<string>B3C937371C90E3AC00C8D56B</string>
			</array>
			<key>currentVersion</key>
			<string>B3C937371C90E3AC00C8D56B</string>
			<key>isa</key>
			<string>XCVersionGroup</string>
			<key>path</key>
			<string>Foodies.xcdatamodeld</string>
			<key>sourceTree</key>
			<string>&lt;group&gt;</string>
			<key>versionGroupType</key>
			<string>wrapper.xcdatamodel</string>
		</dict>
		<key>B3C937371C90E3AC00C8D56B</key>
		<dict>
			<key>isa</key>
			<string>PBXFileReference</string>
			<key>lastKnownFileType</key>
			<string>wrapper.xcdatamodel</string>
			<key>path</key>
			<string>Foodies.xcdatamodel</string>
			<key>sourceTree</key>
			<string>&lt;group&gt;</string>
		</dict>
		<key>B3C937381C90E3AC00C8D56B</key>
		<dict>
			<key>fileRef</key>
			<string>B3C937361C90E3AC00C8D56B</string>
			<key>isa</key>
			<string>PBXBuildFile</string>
		</dict>
		<key>B3C937391C90E3AC00C8D56B</key>
		<dict>
			<key>isa</key>
			<string>PBXFileReference</string>
			<key>lastKnownFileType</key>
			<string>folder.assetcatalog</string>
			<key>path</key>
			<string>Assets.xcassets</string>
			<key>sourceTree</key>
			<string>&lt;group&gt;</string>
		</dict>
		<key>B3C9373A1C90E3AC00C8D56B</key>
		<dict>
			<key>fileRef</key>
			<string>B3C937391C90E3AC00C8D56B</string>
			<key>isa</key>
			<string>PBXBuildFile</string>
		</dict>
		<key>B3C9373B1C90E3AC00C8D56B</key>
		<dict>
			<key>children</key>
			<array>
				<string>B3C9373C1C90E3AC00C8D56B</string>
			</array>
			<key>isa</key>
			<string>PBXVariantGroup</string>
			<key>name</key>
			<string>LaunchScreen.storyboard</string>
			<key>sourceTree</key>
			<string>&lt;group&gt;</string>
		</dict>
		<key>B3C9373C1C90E3AC00C8D56B</key>
		<dict>
			<key>isa</key>
			<string>PBXFileReference</string>
			<key>lastKnownFileType</key>
			<string>file.storyboard</string>
			<key>name</key>
			<string>Base</string>
			<key>path</key>
			<string>Base.lproj/LaunchScreen.storyboard</string>
			<key>sourceTree</key>
			<string>&lt;group&gt;</string>
		</dict>
		<key>B3C9373D1C90E3AC00C8D56B</key>
		<dict>
			<key>fileRef</key>
			<string>B3C9373B1C90E3AC00C8D56B</string>
			<key>isa</key>
			<string>PBXBuildFile</string>
		</dict>
		<key>B3C9373E1C90E3AC00C8D56B</key>
		<dict>
			<key>isa</key>
			<string>PBXFileReference</string>
			<key>lastKnownFileType</key>
			<string>text.plist.xml</string>
			<key>path</key>
			<string>Info.plist</string>
			<key>sourceTree</key>
			<string>&lt;group&gt;</string>
		</dict>
		<key>B3C9373F1C90E3AC00C8D56B</key>
		<dict>
			<key>buildSettings</key>
			<dict>
				<key>ALWAYS_SEARCH_USER_PATHS</key>
				<string>NO</string>
				<key>CLANG_CXX_LANGUAGE_STANDARD</key>
				<string>gnu++0x</string>
				<key>CLANG_CXX_LIBRARY</key>
				<string>libc++</string>
				<key>CLANG_ENABLE_MODULES</key>
				<string>YES</string>
				<key>CLANG_ENABLE_OBJC_ARC</key>
				<string>YES</string>
				<key>CLANG_WARN_BOOL_CONVERSION</key>
				<string>YES</string>
				<key>CLANG_WARN_CONSTANT_CONVERSION</key>
				<string>YES</string>
				<key>CLANG_WARN_DIRECT_OBJC_ISA_USAGE</key>
				<string>YES_ERROR</string>
				<key>CLANG_WARN_EMPTY_BODY</key>
				<string>YES</string>
				<key>CLANG_WARN_ENUM_CONVERSION</key>
				<string>YES</string>
				<key>CLANG_WARN_INT_CONVERSION</key>
				<string>YES</string>
				<key>CLANG_WARN_OBJC_ROOT_CLASS</key>
				<string>YES_ERROR</string>
				<key>CLANG_WARN_UNREACHABLE_CODE</key>
				<string>YES</string>
				<key>CLANG_WARN__DUPLICATE_METHOD_MATCH</key>
				<string>YES</string>
				<key>CODE_SIGN_IDENTITY[sdk=iphoneos*]</key>
				<string>iPhone Developer</string>
				<key>COPY_PHASE_STRIP</key>
				<string>NO</string>
				<key>DEBUG_INFORMATION_FORMAT</key>
				<string>dwarf</string>
				<key>ENABLE_STRICT_OBJC_MSGSEND</key>
				<string>YES</string>
				<key>ENABLE_TESTABILITY</key>
				<string>YES</string>
				<key>GCC_C_LANGUAGE_STANDARD</key>
				<string>gnu99</string>
				<key>GCC_DYNAMIC_NO_PIC</key>
				<string>NO</string>
				<key>GCC_NO_COMMON_BLOCKS</key>
				<string>YES</string>
				<key>GCC_OPTIMIZATION_LEVEL</key>
				<string>0</string>
				<key>GCC_PREPROCESSOR_DEFINITIONS</key>
				<array>
					<string>DEBUG=1</string>
					<string>$(inherited)</string>
				</array>
				<key>GCC_WARN_64_TO_32_BIT_CONVERSION</key>
				<string>YES</string>
				<key>GCC_WARN_ABOUT_RETURN_TYPE</key>
				<string>YES_ERROR</string>
				<key>GCC_WARN_UNDECLARED_SELECTOR</key>
				<string>YES</string>
				<key>GCC_WARN_UNINITIALIZED_AUTOS</key>
				<string>YES_AGGRESSIVE</string>
				<key>GCC_WARN_UNUSED_FUNCTION</key>
				<string>YES</string>
				<key>GCC_WARN_UNUSED_VARIABLE</key>
				<string>YES</string>
				<key>IPHONEOS_DEPLOYMENT_TARGET</key>
				<string>9.2</string>
				<key>MTL_ENABLE_DEBUG_INFO</key>
				<string>YES</string>
				<key>ONLY_ACTIVE_ARCH</key>
				<string>YES</string>
				<key>SDKROOT</key>
				<string>iphoneos</string>
				<key>SWIFT_OPTIMIZATION_LEVEL</key>
				<string>-Onone</string>
				<key>TARGETED_DEVICE_FAMILY</key>
				<string>1,2</string>
			</dict>
			<key>isa</key>
			<string>XCBuildConfiguration</string>
			<key>name</key>
			<string>Debug</string>
		</dict>
		<key>B3C937401C90E3AC00C8D56B</key>
		<dict>
			<key>buildSettings</key>
			<dict>
				<key>ALWAYS_SEARCH_USER_PATHS</key>
				<string>NO</string>
				<key>CLANG_CXX_LANGUAGE_STANDARD</key>
				<string>gnu++0x</string>
				<key>CLANG_CXX_LIBRARY</key>
				<string>libc++</string>
				<key>CLANG_ENABLE_MODULES</key>
				<string>YES</string>
				<key>CLANG_ENABLE_OBJC_ARC</key>
				<string>YES</string>
				<key>CLANG_WARN_BOOL_CONVERSION</key>
				<string>YES</string>
				<key>CLANG_WARN_CONSTANT_CONVERSION</key>
				<string>YES</string>
				<key>CLANG_WARN_DIRECT_OBJC_ISA_USAGE</key>
				<string>YES_ERROR</string>
				<key>CLANG_WARN_EMPTY_BODY</key>
				<string>YES</string>
				<key>CLANG_WARN_ENUM_CONVERSION</key>
				<string>YES</string>
				<key>CLANG_WARN_INT_CONVERSION</key>
				<string>YES</string>
				<key>CLANG_WARN_OBJC_ROOT_CLASS</key>
				<string>YES_ERROR</string>
				<key>CLANG_WARN_UNREACHABLE_CODE</key>
				<string>YES</string>
				<key>CLANG_WARN__DUPLICATE_METHOD_MATCH</key>
				<string>YES</string>
				<key>CODE_SIGN_IDENTITY[sdk=iphoneos*]</key>
				<string>iPhone Developer</string>
				<key>COPY_PHASE_STRIP</key>
				<string>NO</string>
				<key>DEBUG_INFORMATION_FORMAT</key>
				<string>dwarf-with-dsym</string>
				<key>ENABLE_NS_ASSERTIONS</key>
				<string>NO</string>
				<key>ENABLE_STRICT_OBJC_MSGSEND</key>
				<string>YES</string>
				<key>GCC_C_LANGUAGE_STANDARD</key>
				<string>gnu99</string>
				<key>GCC_NO_COMMON_BLOCKS</key>
				<string>YES</string>
				<key>GCC_WARN_64_TO_32_BIT_CONVERSION</key>
				<string>YES</string>
				<key>GCC_WARN_ABOUT_RETURN_TYPE</key>
				<string>YES_ERROR</string>
				<key>GCC_WARN_UNDECLARED_SELECTOR</key>
				<string>YES</string>
				<key>GCC_WARN_UNINITIALIZED_AUTOS</key>
				<string>YES_AGGRESSIVE</string>
				<key>GCC_WARN_UNUSED_FUNCTION</key>
				<string>YES</string>
				<key>GCC_WARN_UNUSED_VARIABLE</key>
				<string>YES</string>
				<key>IPHONEOS_DEPLOYMENT_TARGET</key>
				<string>9.2</string>
				<key>MTL_ENABLE_DEBUG_INFO</key>
				<string>NO</string>
				<key>SDKROOT</key>
				<string>iphoneos</string>
				<key>TARGETED_DEVICE_FAMILY</key>
				<string>1,2</string>
				<key>VALIDATE_PRODUCT</key>
				<string>YES</string>
			</dict>
			<key>isa</key>
			<string>XCBuildConfiguration</string>
			<key>name</key>
			<string>Release</string>
		</dict>
		<key>B3C937411C90E3AC00C8D56B</key>
		<dict>
			<key>buildConfigurations</key>
			<array>
				<string>B3C937421C90E3AC00C8D56B</string>
				<string>B3C937431C90E3AC00C8D56B</string>
			</array>
			<key>defaultConfigurationIsVisible</key>
			<string>0</string>
			<key>defaultConfigurationName</key>
			<string>Release</string>
			<key>isa</key>
			<string>XCConfigurationList</string>
		</dict>
		<key>B3C937421C90E3AC00C8D56B</key>
		<dict>
			<key>baseConfigurationReference</key>
			<string>BE2627FA499CCDCA853FD8AF</string>
			<key>buildSettings</key>
			<dict>
				<key>ASSETCATALOG_COMPILER_APPICON_NAME</key>
				<string>AppIcon</string>
				<key>CODE_SIGN_IDENTITY</key>
				<string>iPhone Developer</string>
				<key>INFOPLIST_FILE</key>
				<string>Foodies/Info.plist</string>
				<key>LD_RUNPATH_SEARCH_PATHS</key>
				<string>$(inherited) @executable_path/Frameworks</string>
				<key>PRODUCT_BUNDLE_IDENTIFIER</key>
				<string>QingTian-Chen.Foodies</string>
				<key>PRODUCT_NAME</key>
				<string>$(TARGET_NAME)</string>
			</dict>
			<key>isa</key>
			<string>XCBuildConfiguration</string>
			<key>name</key>
			<string>Debug</string>
		</dict>
		<key>B3C937431C90E3AC00C8D56B</key>
		<dict>
			<key>baseConfigurationReference</key>
			<string>D237E04DFB7BE925543E1176</string>
			<key>buildSettings</key>
			<dict>
				<key>ASSETCATALOG_COMPILER_APPICON_NAME</key>
				<string>AppIcon</string>
				<key>CODE_SIGN_IDENTITY</key>
				<string>iPhone Developer</string>
				<key>INFOPLIST_FILE</key>
				<string>Foodies/Info.plist</string>
				<key>LD_RUNPATH_SEARCH_PATHS</key>
				<string>$(inherited) @executable_path/Frameworks</string>
				<key>PRODUCT_BUNDLE_IDENTIFIER</key>
				<string>QingTian-Chen.Foodies</string>
				<key>PRODUCT_NAME</key>
				<string>$(TARGET_NAME)</string>
			</dict>
			<key>isa</key>
			<string>XCBuildConfiguration</string>
			<key>name</key>
			<string>Release</string>
		</dict>
		<key>B3DE477E1CB0BC7000492B05</key>
		<dict>
			<key>fileEncoding</key>
			<string>4</string>
			<key>isa</key>
			<string>PBXFileReference</string>
			<key>lastKnownFileType</key>
			<string>sourcecode.swift</string>
			<key>path</key>
			<string>TabBarViewController.swift</string>
			<key>sourceTree</key>
			<string>&lt;group&gt;</string>
		</dict>
		<key>B3DE477F1CB0BC7000492B05</key>
		<dict>
			<key>fileRef</key>
			<string>B3DE477E1CB0BC7000492B05</string>
			<key>isa</key>
			<string>PBXBuildFile</string>
		</dict>
		<key>B3EAAFCC1CA9D4F50012E3B4</key>
		<dict>
			<key>fileEncoding</key>
			<string>4</string>
			<key>isa</key>
			<string>PBXFileReference</string>
			<key>lastKnownFileType</key>
			<string>sourcecode.swift</string>
			<key>name</key>
			<string>LoginViewController.swift</string>
			<key>path</key>
			<string>ViewController/LoginViewController.swift</string>
			<key>sourceTree</key>
			<string>&lt;group&gt;</string>
		</dict>
		<key>B3EAAFCD1CA9D4F50012E3B4</key>
		<dict>
			<key>fileRef</key>
			<string>B3EAAFCC1CA9D4F50012E3B4</string>
			<key>isa</key>
			<string>PBXBuildFile</string>
		</dict>
		<key>B3EAAFCE1CA9DCA20012E3B4</key>
		<dict>
			<key>fileEncoding</key>
			<string>4</string>
			<key>isa</key>
			<string>PBXFileReference</string>
			<key>lastKnownFileType</key>
			<string>sourcecode.swift</string>
			<key>path</key>
			<string>NearbyViewController.swift</string>
			<key>sourceTree</key>
			<string>&lt;group&gt;</string>
		</dict>
		<key>B3EAAFCF1CA9DCA20012E3B4</key>
		<dict>
			<key>fileRef</key>
			<string>B3EAAFCE1CA9DCA20012E3B4</string>
			<key>isa</key>
			<string>PBXBuildFile</string>
		</dict>
		<key>B3EAAFD01CA9DCBD0012E3B4</key>
		<dict>
			<key>fileEncoding</key>
			<string>4</string>
			<key>isa</key>
			<string>PBXFileReference</string>
			<key>lastKnownFileType</key>
			<string>sourcecode.swift</string>
			<key>path</key>
			<string>HomeViewController.swift</string>
			<key>sourceTree</key>
			<string>&lt;group&gt;</string>
		</dict>
		<key>B3EAAFD11CA9DCBD0012E3B4</key>
		<dict>
			<key>fileRef</key>
			<string>B3EAAFD01CA9DCBD0012E3B4</string>
			<key>isa</key>
			<string>PBXBuildFile</string>
		</dict>
		<key>B3EAAFD41CAC8B260012E3B4</key>
		<dict>
			<key>fileEncoding</key>
			<string>4</string>
			<key>isa</key>
			<string>PBXFileReference</string>
			<key>lastKnownFileType</key>
			<string>sourcecode.swift</string>
			<key>path</key>
			<string>QRCodeViewController.swift</string>
			<key>sourceTree</key>
			<string>&lt;group&gt;</string>
		</dict>
		<key>B3EAAFD51CAC8B260012E3B4</key>
		<dict>
			<key>fileRef</key>
			<string>B3EAAFD41CAC8B260012E3B4</string>
			<key>isa</key>
			<string>PBXBuildFile</string>
		</dict>
		<key>BE2627FA499CCDCA853FD8AF</key>
		<dict>
			<key>includeInIndex</key>
			<string>1</string>
			<key>isa</key>
			<string>PBXFileReference</string>
			<key>lastKnownFileType</key>
			<string>text.xcconfig</string>
			<key>name</key>
			<string>Pods-Foodies.debug.xcconfig</string>
			<key>path</key>
			<string>Pods/Target Support Files/Pods-Foodies/Pods-Foodies.debug.xcconfig</string>
			<key>sourceTree</key>
			<string>&lt;group&gt;</string>
		</dict>
		<key>D237E04DFB7BE925543E1176</key>
		<dict>
			<key>includeInIndex</key>
			<string>1</string>
			<key>isa</key>
			<string>PBXFileReference</string>
			<key>lastKnownFileType</key>
			<string>text.xcconfig</string>
			<key>name</key>
			<string>Pods-Foodies.release.xcconfig</string>
			<key>path</key>
			<string>Pods/Target Support Files/Pods-Foodies/Pods-Foodies.release.xcconfig</string>
			<key>sourceTree</key>
			<string>&lt;group&gt;</string>
		</dict>
		<key>D8801117C76EB9BED0E4CB27</key>
		<dict>
			<key>children</key>
			<array>
				<string>BE2627FA499CCDCA853FD8AF</string>
				<string>D237E04DFB7BE925543E1176</string>
			</array>
			<key>isa</key>
			<string>PBXGroup</string>
			<key>name</key>
			<string>Pods</string>
			<key>sourceTree</key>
			<string>&lt;group&gt;</string>
		</dict>
		<key>F0000425E5D9B97294948604</key>
		<dict>
			<key>children</key>
			<array>
				<string>B0DA00B35FBFBA32E2B5D02A</string>
			</array>
			<key>isa</key>
			<string>PBXGroup</string>
			<key>name</key>
			<string>Frameworks</string>
			<key>sourceTree</key>
			<string>&lt;group&gt;</string>
		</dict>
	</dict>
	<key>rootObject</key>
	<string>B3C937241C90E3AC00C8D56B</string>
</dict>
</plist>
